# THIS IS AN AUTOGENERATED FILE. DO NOT EDIT THIS FILE DIRECTLY.
# yarn lockfile v1


svelte@^3.46.2:
  version "3.46.2"
  resolved "https://registry.yarnpkg.com/svelte/-/svelte-3.46.2.tgz#f0ffbffaea3a9a760edcbefc0902b41998a686ad"
  integrity sha512-RXSAtYNefe01Sb1lXtZ2I+gzn3t/h/59hoaRNeRrm8IkMIu6BSiAkbpi41xb+C44x54YKnbk9+dtfs3pM4hECA==
